// !$*UTF8*$!
{
	archiveVersion = 1;
	classes = {
	};
	objectVersion = 50;
	objects = {

/* Begin PBXBuildFile section */
		412859C824D051100031C997 /* small.png in Resources */ = {isa = PBXBuildFile; fileRef = 412859C724D0510F0031C997 /* small.png */; };
		412859C924D051100031C997 /* small.png in Resources */ = {isa = PBXBuildFile; fileRef = 412859C724D0510F0031C997 /* small.png */; };
		41511FD824D3C69000938651 /* 11.png in Resources */ = {isa = PBXBuildFile; fileRef = 41511FD724D3C69000938651 /* 11.png */; };
		41511FD924D3C69000938651 /* 11.png in Resources */ = {isa = PBXBuildFile; fileRef = 41511FD724D3C69000938651 /* 11.png */; };
		415E9C0F24C028DC008D2FC3 /* NSObject+Hook.m in Sources */ = {isa = PBXBuildFile; fileRef = 415E9C0E24C028DC008D2FC3 /* NSObject+Hook.m */; };
		415E9C1124C06EA7008D2FC3 /* biggif.gif in Resources */ = {isa = PBXBuildFile; fileRef = 415E9C1024C06EA7008D2FC3 /* biggif.gif */; };
		415E9C1624C15E10008D2FC3 /* 2.jpeg in Resources */ = {isa = PBXBuildFile; fileRef = 415E9C1524C15E10008D2FC3 /* 2.jpeg */; };
		415E9C2624C5393F008D2FC3 /* png.txt in Resources */ = {isa = PBXBuildFile; fileRef = 415E9C2424C5393F008D2FC3 /* png.txt */; };
		415E9C2724C5393F008D2FC3 /* jpg.txt in Resources */ = {isa = PBXBuildFile; fileRef = 415E9C2524C5393F008D2FC3 /* jpg.txt */; };
		415E9C3324C586D5008D2FC3 /* 1.png in Resources */ = {isa = PBXBuildFile; fileRef = 415E9C3224C586D5008D2FC3 /* 1.png */; };
		415E9C3C24C6A402008D2FC3 /* fishhook.c in Sources */ = {isa = PBXBuildFile; fileRef = 415E9C3B24C6A402008D2FC3 /* fishhook.c */; };
		415E9C4324C6C224008D2FC3 /* SGIImageMmapManager.m in Sources */ = {isa = PBXBuildFile; fileRef = 415E9C4224C6C224008D2FC3 /* SGIImageMmapManager.m */; };
		416CA39D24C002F8004A702A /* AppDelegate.m in Sources */ = {isa = PBXBuildFile; fileRef = 416CA39C24C002F8004A702A /* AppDelegate.m */; };
		416CA3A324C002F8004A702A /* ViewController.m in Sources */ = {isa = PBXBuildFile; fileRef = 416CA3A224C002F8004A702A /* ViewController.m */; };
		416CA3A624C002F8004A702A /* Main.storyboard in Resources */ = {isa = PBXBuildFile; fileRef = 416CA3A424C002F8004A702A /* Main.storyboard */; };
		416CA3A824C002F9004A702A /* Assets.xcassets in Resources */ = {isa = PBXBuildFile; fileRef = 416CA3A724C002F9004A702A /* Assets.xcassets */; };
		416CA3AB24C002F9004A702A /* LaunchScreen.storyboard in Resources */ = {isa = PBXBuildFile; fileRef = 416CA3A924C002F9004A702A /* LaunchScreen.storyboard */; };
		416CA3AE24C002F9004A702A /* main.m in Sources */ = {isa = PBXBuildFile; fileRef = 416CA3AD24C002F9004A702A /* main.m */; };
		41B31AD024C70C0300CEACD8 /* TYStatistics.m in Sources */ = {isa = PBXBuildFile; fileRef = 41B31ACF24C70C0300CEACD8 /* TYStatistics.m */; };
		41B31AD924C7113800CEACD8 /* KeyboardViewController.m in Sources */ = {isa = PBXBuildFile; fileRef = 41B31AD824C7113800CEACD8 /* KeyboardViewController.m */; };
		41B31ADD24C7113800CEACD8 /* BaseKeyboard.appex in Embed App Extensions */ = {isa = PBXBuildFile; fileRef = 41B31AD524C7113800CEACD8 /* BaseKeyboard.appex */; settings = {ATTRIBUTES = (RemoveHeadersOnCopy, ); }; };
		41B31AE224C7115200CEACD8 /* SGIImageMmapManager.m in Sources */ = {isa = PBXBuildFile; fileRef = 415E9C4224C6C224008D2FC3 /* SGIImageMmapManager.m */; };
		41B31AE324C7115200CEACD8 /* fishhook.c in Sources */ = {isa = PBXBuildFile; fileRef = 415E9C3B24C6A402008D2FC3 /* fishhook.c */; };
		41B31AE424C7115200CEACD8 /* TYStatistics.m in Sources */ = {isa = PBXBuildFile; fileRef = 41B31ACF24C70C0300CEACD8 /* TYStatistics.m */; };
		41B31AE524C7115200CEACD8 /* biggif.gif in Resources */ = {isa = PBXBuildFile; fileRef = 415E9C1024C06EA7008D2FC3 /* biggif.gif */; };
		41B31AE624C7115200CEACD8 /* 2.jpeg in Resources */ = {isa = PBXBuildFile; fileRef = 415E9C1524C15E10008D2FC3 /* 2.jpeg */; };
		41B31AE724C7115200CEACD8 /* 1.png in Resources */ = {isa = PBXBuildFile; fileRef = 415E9C3224C586D5008D2FC3 /* 1.png */; };
		41B31AEA24C7154900CEACD8 /* CustomView.m in Sources */ = {isa = PBXBuildFile; fileRef = 41B31AE924C7154900CEACD8 /* CustomView.m */; };
		41B31AEC24C7193A00CEACD8 /* midgif.gif in Resources */ = {isa = PBXBuildFile; fileRef = 41B31AEB24C7193A00CEACD8 /* midgif.gif */; };
		41B31AED24C7193A00CEACD8 /* midgif.gif in Resources */ = {isa = PBXBuildFile; fileRef = 41B31AEB24C7193A00CEACD8 /* midgif.gif */; };
/* End PBXBuildFile section */

/* Begin PBXContainerItemProxy section */
		41B31ADB24C7113800CEACD8 /* PBXContainerItemProxy */ = {
			isa = PBXContainerItemProxy;
			containerPortal = 416CA39024C002F7004A702A /* Project object */;
			proxyType = 1;
			remoteGlobalIDString = 41B31AD424C7113800CEACD8;
			remoteInfo = BaseKeyboard;
		};
/* End PBXContainerItemProxy section */

/* Begin PBXCopyFilesBuildPhase section */
		41B31AE124C7113800CEACD8 /* Embed App Extensions */ = {
			isa = PBXCopyFilesBuildPhase;
			buildActionMask = 2147483647;
			dstPath = "";
			dstSubfolderSpec = 13;
			files = (
				41B31ADD24C7113800CEACD8 /* BaseKeyboard.appex in Embed App Extensions */,
			);
			name = "Embed App Extensions";
			runOnlyForDeploymentPostprocessing = 0;
		};
/* End PBXCopyFilesBuildPhase section */

/* Begin PBXFileReference section */
		412859C724D0510F0031C997 /* small.png */ = {isa = PBXFileReference; lastKnownFileType = image.png; path = small.png; sourceTree = "<group>"; };
		41511FD724D3C69000938651 /* 11.png */ = {isa = PBXFileReference; lastKnownFileType = image.png; path = 11.png; sourceTree = "<group>"; };
		415E9C0D24C028DC008D2FC3 /* NSObject+Hook.h */ = {isa = PBXFileReference; lastKnownFileType = sourcecode.c.h; path = "NSObject+Hook.h"; sourceTree = "<group>"; };
		415E9C0E24C028DC008D2FC3 /* NSObject+Hook.m */ = {isa = PBXFileReference; lastKnownFileType = sourcecode.c.objc; path = "NSObject+Hook.m"; sourceTree = "<group>"; };
		415E9C1024C06EA7008D2FC3 /* biggif.gif */ = {isa = PBXFileReference; lastKnownFileType = image.gif; path = biggif.gif; sourceTree = "<group>"; };
		415E9C1524C15E10008D2FC3 /* 2.jpeg */ = {isa = PBXFileReference; lastKnownFileType = image.jpeg; path = 2.jpeg; sourceTree = "<group>"; };
		415E9C2424C5393F008D2FC3 /* png.txt */ = {isa = PBXFileReference; fileEncoding = 4; lastKnownFileType = text; path = png.txt; sourceTree = "<group>"; };
		415E9C2524C5393F008D2FC3 /* jpg.txt */ = {isa = PBXFileReference; fileEncoding = 4; lastKnownFileType = text; path = jpg.txt; sourceTree = "<group>"; };
		415E9C3224C586D5008D2FC3 /* 1.png */ = {isa = PBXFileReference; lastKnownFileType = image.png; path = 1.png; sourceTree = "<group>"; };
		415E9C3A24C6A402008D2FC3 /* fishhook.h */ = {isa = PBXFileReference; fileEncoding = 4; lastKnownFileType = sourcecode.c.h; path = fishhook.h; sourceTree = "<group>"; };
		415E9C3B24C6A402008D2FC3 /* fishhook.c */ = {isa = PBXFileReference; fileEncoding = 4; lastKnownFileType = sourcecode.c.c; path = fishhook.c; sourceTree = "<group>"; };
		415E9C4124C6C224008D2FC3 /* SGIImageMmapManager.h */ = {isa = PBXFileReference; fileEncoding = 4; lastKnownFileType = sourcecode.c.h; path = SGIImageMmapManager.h; sourceTree = "<group>"; };
		415E9C4224C6C224008D2FC3 /* SGIImageMmapManager.m */ = {isa = PBXFileReference; fileEncoding = 4; lastKnownFileType = sourcecode.c.objc; path = SGIImageMmapManager.m; sourceTree = "<group>"; };
		416CA39824C002F8004A702A /* ImageDemo3.app */ = {isa = PBXFileReference; explicitFileType = wrapper.application; includeInIndex = 0; path = ImageDemo3.app; sourceTree = BUILT_PRODUCTS_DIR; };
		416CA39B24C002F8004A702A /* AppDelegate.h */ = {isa = PBXFileReference; lastKnownFileType = sourcecode.c.h; path = AppDelegate.h; sourceTree = "<group>"; };
		416CA39C24C002F8004A702A /* AppDelegate.m */ = {isa = PBXFileReference; lastKnownFileType = sourcecode.c.objc; path = AppDelegate.m; sourceTree = "<group>"; };
		416CA3A124C002F8004A702A /* ViewController.h */ = {isa = PBXFileReference; lastKnownFileType = sourcecode.c.h; path = ViewController.h; sourceTree = "<group>"; };
		416CA3A224C002F8004A702A /* ViewController.m */ = {isa = PBXFileReference; lastKnownFileType = sourcecode.c.objc; path = ViewController.m; sourceTree = "<group>"; };
		416CA3A524C002F8004A702A /* Base */ = {isa = PBXFileReference; lastKnownFileType = file.storyboard; name = Base; path = Base.lproj/Main.storyboard; sourceTree = "<group>"; };
		416CA3A724C002F9004A702A /* Assets.xcassets */ = {isa = PBXFileReference; lastKnownFileType = folder.assetcatalog; path = Assets.xcassets; sourceTree = "<group>"; };
		416CA3AA24C002F9004A702A /* Base */ = {isa = PBXFileReference; lastKnownFileType = file.storyboard; name = Base; path = Base.lproj/LaunchScreen.storyboard; sourceTree = "<group>"; };
		416CA3AC24C002F9004A702A /* Info.plist */ = {isa = PBXFileReference; lastKnownFileType = text.plist.xml; path = Info.plist; sourceTree = "<group>"; };
		416CA3AD24C002F9004A702A /* main.m */ = {isa = PBXFileReference; lastKnownFileType = sourcecode.c.objc; path = main.m; sourceTree = "<group>"; };
		41B31ACE24C70C0300CEACD8 /* TYStatistics.h */ = {isa = PBXFileReference; fileEncoding = 4; lastKnownFileType = sourcecode.c.h; path = TYStatistics.h; sourceTree = "<group>"; };
		41B31ACF24C70C0300CEACD8 /* TYStatistics.m */ = {isa = PBXFileReference; fileEncoding = 4; lastKnownFileType = sourcecode.c.objc; path = TYStatistics.m; sourceTree = "<group>"; };
		41B31AD524C7113800CEACD8 /* BaseKeyboard.appex */ = {isa = PBXFileReference; explicitFileType = "wrapper.app-extension"; includeInIndex = 0; path = BaseKeyboard.appex; sourceTree = BUILT_PRODUCTS_DIR; };
		41B31AD724C7113800CEACD8 /* KeyboardViewController.h */ = {isa = PBXFileReference; lastKnownFileType = sourcecode.c.h; path = KeyboardViewController.h; sourceTree = "<group>"; };
		41B31AD824C7113800CEACD8 /* KeyboardViewController.m */ = {isa = PBXFileReference; lastKnownFileType = sourcecode.c.objc; path = KeyboardViewController.m; sourceTree = "<group>"; };
		41B31ADA24C7113800CEACD8 /* Info.plist */ = {isa = PBXFileReference; lastKnownFileType = text.plist.xml; path = Info.plist; sourceTree = "<group>"; };
		41B31AE824C7154900CEACD8 /* CustomView.h */ = {isa = PBXFileReference; lastKnownFileType = sourcecode.c.h; path = CustomView.h; sourceTree = "<group>"; };
		41B31AE924C7154900CEACD8 /* CustomView.m */ = {isa = PBXFileReference; lastKnownFileType = sourcecode.c.objc; path = CustomView.m; sourceTree = "<group>"; };
		41B31AEB24C7193A00CEACD8 /* midgif.gif */ = {isa = PBXFileReference; lastKnownFileType = image.gif; path = midgif.gif; sourceTree = "<group>"; };
/* End PBXFileReference section */

/* Begin PBXFrameworksBuildPhase section */
		416CA39524C002F8004A702A /* Frameworks */ = {
			isa = PBXFrameworksBuildPhase;
			buildActionMask = 2147483647;
			files = (
			);
			runOnlyForDeploymentPostprocessing = 0;
		};
		41B31AD224C7113800CEACD8 /* Frameworks */ = {
			isa = PBXFrameworksBuildPhase;
			buildActionMask = 2147483647;
			files = (
			);
			runOnlyForDeploymentPostprocessing = 0;
		};
/* End PBXFrameworksBuildPhase section */

/* Begin PBXGroup section */
		416CA38F24C002F7004A702A = {
			isa = PBXGroup;
			children = (
				416CA39A24C002F8004A702A /* ImageDemo3 */,
				41B31AD624C7113800CEACD8 /* BaseKeyboard */,
				416CA39924C002F8004A702A /* Products */,
			);
			sourceTree = "<group>";
		};
		416CA39924C002F8004A702A /* Products */ = {
			isa = PBXGroup;
			children = (
				416CA39824C002F8004A702A /* ImageDemo3.app */,
				41B31AD524C7113800CEACD8 /* BaseKeyboard.appex */,
			);
			name = Products;
			sourceTree = "<group>";
		};
		416CA39A24C002F8004A702A /* ImageDemo3 */ = {
			isa = PBXGroup;
			children = (
				415E9C4124C6C224008D2FC3 /* SGIImageMmapManager.h */,
				415E9C4224C6C224008D2FC3 /* SGIImageMmapManager.m */,
				415E9C3B24C6A402008D2FC3 /* fishhook.c */,
				415E9C3A24C6A402008D2FC3 /* fishhook.h */,
				416CA39B24C002F8004A702A /* AppDelegate.h */,
				416CA39C24C002F8004A702A /* AppDelegate.m */,
				416CA3A124C002F8004A702A /* ViewController.h */,
				416CA3A224C002F8004A702A /* ViewController.m */,
				415E9C0D24C028DC008D2FC3 /* NSObject+Hook.h */,
				415E9C0E24C028DC008D2FC3 /* NSObject+Hook.m */,
				41B31ACE24C70C0300CEACD8 /* TYStatistics.h */,
				41B31ACF24C70C0300CEACD8 /* TYStatistics.m */,
				416CA3A424C002F8004A702A /* Main.storyboard */,
				415E9C1024C06EA7008D2FC3 /* biggif.gif */,
				415E9C1524C15E10008D2FC3 /* 2.jpeg */,
				416CA3A724C002F9004A702A /* Assets.xcassets */,
				416CA3A924C002F9004A702A /* LaunchScreen.storyboard */,
				416CA3AC24C002F9004A702A /* Info.plist */,
				416CA3AD24C002F9004A702A /* main.m */,
				415E9C2524C5393F008D2FC3 /* jpg.txt */,
				415E9C2424C5393F008D2FC3 /* png.txt */,
				415E9C3224C586D5008D2FC3 /* 1.png */,
				41511FD724D3C69000938651 /* 11.png */,
				41B31AEB24C7193A00CEACD8 /* midgif.gif */,
				412859C724D0510F0031C997 /* small.png */,
			);
			path = ImageDemo3;
			sourceTree = "<group>";
		};
		41B31AD624C7113800CEACD8 /* BaseKeyboard */ = {
			isa = PBXGroup;
			children = (
				41B31AD724C7113800CEACD8 /* KeyboardViewController.h */,
				41B31AD824C7113800CEACD8 /* KeyboardViewController.m */,
				41B31AE824C7154900CEACD8 /* CustomView.h */,
				41B31AE924C7154900CEACD8 /* CustomView.m */,
				41B31ADA24C7113800CEACD8 /* Info.plist */,
			);
			path = BaseKeyboard;
			sourceTree = "<group>";
		};
/* End PBXGroup section */

/* Begin PBXNativeTarget section */
		416CA39724C002F8004A702A /* ImageDemo3 */ = {
			isa = PBXNativeTarget;
			buildConfigurationList = 416CA3B124C002F9004A702A /* Build configuration list for PBXNativeTarget "ImageDemo3" */;
			buildPhases = (
				416CA39424C002F8004A702A /* Sources */,
				416CA39524C002F8004A702A /* Frameworks */,
				416CA39624C002F8004A702A /* Resources */,
				41B31AE124C7113800CEACD8 /* Embed App Extensions */,
			);
			buildRules = (
			);
			dependencies = (
				41B31ADC24C7113800CEACD8 /* PBXTargetDependency */,
			);
			name = ImageDemo3;
			productName = ImageDemo3;
			productReference = 416CA39824C002F8004A702A /* ImageDemo3.app */;
			productType = "com.apple.product-type.application";
		};
		41B31AD424C7113800CEACD8 /* BaseKeyboard */ = {
			isa = PBXNativeTarget;
			buildConfigurationList = 41B31ADE24C7113800CEACD8 /* Build configuration list for PBXNativeTarget "BaseKeyboard" */;
			buildPhases = (
				41B31AD124C7113800CEACD8 /* Sources */,
				41B31AD224C7113800CEACD8 /* Frameworks */,
				41B31AD324C7113800CEACD8 /* Resources */,
			);
			buildRules = (
			);
			dependencies = (
			);
			name = BaseKeyboard;
			productName = BaseKeyboard;
			productReference = 41B31AD524C7113800CEACD8 /* BaseKeyboard.appex */;
			productType = "com.apple.product-type.app-extension";
		};
/* End PBXNativeTarget section */

/* Begin PBXProject section */
		416CA39024C002F7004A702A /* Project object */ = {
			isa = PBXProject;
			attributes = {
				LastUpgradeCheck = 1150;
				ORGANIZATIONNAME = mademao;
				TargetAttributes = {
					416CA39724C002F8004A702A = {
						CreatedOnToolsVersion = 11.5;
					};
					41B31AD424C7113800CEACD8 = {
						CreatedOnToolsVersion = 11.6;
					};
				};
			};
			buildConfigurationList = 416CA39324C002F7004A702A /* Build configuration list for PBXProject "ImageDemo3" */;
			compatibilityVersion = "Xcode 9.3";
			developmentRegion = en;
			hasScannedForEncodings = 0;
			knownRegions = (
				en,
				Base,
			);
			mainGroup = 416CA38F24C002F7004A702A;
			productRefGroup = 416CA39924C002F8004A702A /* Products */;
			projectDirPath = "";
			projectRoot = "";
			targets = (
				416CA39724C002F8004A702A /* ImageDemo3 */,
				41B31AD424C7113800CEACD8 /* BaseKeyboard */,
			);
		};
/* End PBXProject section */

/* Begin PBXResourcesBuildPhase section */
		416CA39624C002F8004A702A /* Resources */ = {
			isa = PBXResourcesBuildPhase;
			buildActionMask = 2147483647;
			files = (
				41511FD824D3C69000938651 /* 11.png in Resources */,
				415E9C2624C5393F008D2FC3 /* png.txt in Resources */,
				41B31AEC24C7193A00CEACD8 /* midgif.gif in Resources */,
				415E9C3324C586D5008D2FC3 /* 1.png in Resources */,
				412859C824D051100031C997 /* small.png in Resources */,
				415E9C1624C15E10008D2FC3 /* 2.jpeg in Resources */,
				416CA3AB24C002F9004A702A /* LaunchScreen.storyboard in Resources */,
				416CA3A824C002F9004A702A /* Assets.xcassets in Resources */,
				415E9C1124C06EA7008D2FC3 /* biggif.gif in Resources */,
				415E9C2724C5393F008D2FC3 /* jpg.txt in Resources */,
				416CA3A624C002F8004A702A /* Main.storyboard in Resources */,
			);
			runOnlyForDeploymentPostprocessing = 0;
		};
		41B31AD324C7113800CEACD8 /* Resources */ = {
			isa = PBXResourcesBuildPhase;
			buildActionMask = 2147483647;
			files = (
				41B31AE724C7115200CEACD8 /* 1.png in Resources */,
				41511FD924D3C69000938651 /* 11.png in Resources */,
				41B31AE624C7115200CEACD8 /* 2.jpeg in Resources */,
				41B31AED24C7193A00CEACD8 /* midgif.gif in Resources */,
				412859C924D051100031C997 /* small.png in Resources */,
				41B31AE524C7115200CEACD8 /* biggif.gif in Resources */,
			);
			runOnlyForDeploymentPostprocessing = 0;
		};
/* End PBXResourcesBuildPhase section */

/* Begin PBXSourcesBuildPhase section */
		416CA39424C002F8004A702A /* Sources */ = {
			isa = PBXSourcesBuildPhase;
			buildActionMask = 2147483647;
			files = (
				416CA3A324C002F8004A702A /* ViewController.m in Sources */,
				415E9C3C24C6A402008D2FC3 /* fishhook.c in Sources */,
				41B31AD024C70C0300CEACD8 /* TYStatistics.m in Sources */,
				415E9C4324C6C224008D2FC3 /* SGIImageMmapManager.m in Sources */,
				416CA39D24C002F8004A702A /* AppDelegate.m in Sources */,
				415E9C0F24C028DC008D2FC3 /* NSObject+Hook.m in Sources */,
				416CA3AE24C002F9004A702A /* main.m in Sources */,
			);
			runOnlyForDeploymentPostprocessing = 0;
		};
		41B31AD124C7113800CEACD8 /* Sources */ = {
			isa = PBXSourcesBuildPhase;
			buildActionMask = 2147483647;
			files = (
				41B31AEA24C7154900CEACD8 /* CustomView.m in Sources */,
				41B31AE224C7115200CEACD8 /* SGIImageMmapManager.m in Sources */,
				41B31AE424C7115200CEACD8 /* TYStatistics.m in Sources */,
				41B31AE324C7115200CEACD8 /* fishhook.c in Sources */,
				41B31AD924C7113800CEACD8 /* KeyboardViewController.m in Sources */,
			);
			runOnlyForDeploymentPostprocessing = 0;
		};
/* End PBXSourcesBuildPhase section */

/* Begin PBXTargetDependency section */
		41B31ADC24C7113800CEACD8 /* PBXTargetDependency */ = {
			isa = PBXTargetDependency;
			target = 41B31AD424C7113800CEACD8 /* BaseKeyboard */;
			targetProxy = 41B31ADB24C7113800CEACD8 /* PBXContainerItemProxy */;
		};
/* End PBXTargetDependency section */

/* Begin PBXVariantGroup section */
		416CA3A424C002F8004A702A /* Main.storyboard */ = {
			isa = PBXVariantGroup;
			children = (
				416CA3A524C002F8004A702A /* Base */,
			);
			name = Main.storyboard;
			sourceTree = "<group>";
		};
		416CA3A924C002F9004A702A /* LaunchScreen.storyboard */ = {
			isa = PBXVariantGroup;
			children = (
				416CA3AA24C002F9004A702A /* Base */,
			);
			name = LaunchScreen.storyboard;
			sourceTree = "<group>";
		};
/* End PBXVariantGroup section */

/* Begin XCBuildConfiguration section */
		416CA3AF24C002F9004A702A /* Debug */ = {
			isa = XCBuildConfiguration;
			buildSettings = {
				ALWAYS_SEARCH_USER_PATHS = NO;
				CLANG_ANALYZER_NONNULL = YES;
				CLANG_ANALYZER_NUMBER_OBJECT_CONVERSION = YES_AGGRESSIVE;
				CLANG_CXX_LANGUAGE_STANDARD = "gnu++14";
				CLANG_CXX_LIBRARY = "libc++";
				CLANG_ENABLE_MODULES = YES;
				CLANG_ENABLE_OBJC_ARC = YES;
				CLANG_ENABLE_OBJC_WEAK = YES;
				CLANG_WARN_BLOCK_CAPTURE_AUTORELEASING = YES;
				CLANG_WARN_BOOL_CONVERSION = YES;
				CLANG_WARN_COMMA = YES;
				CLANG_WARN_CONSTANT_CONVERSION = YES;
				CLANG_WARN_DEPRECATED_OBJC_IMPLEMENTATIONS = YES;
				CLANG_WARN_DIRECT_OBJC_ISA_USAGE = YES_ERROR;
				CLANG_WARN_DOCUMENTATION_COMMENTS = YES;
				CLANG_WARN_EMPTY_BODY = YES;
				CLANG_WARN_ENUM_CONVERSION = YES;
				CLANG_WARN_INFINITE_RECURSION = YES;
				CLANG_WARN_INT_CONVERSION = YES;
				CLANG_WARN_NON_LITERAL_NULL_CONVERSION = YES;
				CLANG_WARN_OBJC_IMPLICIT_RETAIN_SELF = YES;
				CLANG_WARN_OBJC_LITERAL_CONVERSION = YES;
				CLANG_WARN_OBJC_ROOT_CLASS = YES_ERROR;
				CLANG_WARN_RANGE_LOOP_ANALYSIS = YES;
				CLANG_WARN_STRICT_PROTOTYPES = YES;
				CLANG_WARN_SUSPICIOUS_MOVE = YES;
				CLANG_WARN_UNGUARDED_AVAILABILITY = YES_AGGRESSIVE;
				CLANG_WARN_UNREACHABLE_CODE = YES;
				CLANG_WARN__DUPLICATE_METHOD_MATCH = YES;
				COPY_PHASE_STRIP = NO;
				DEBUG_INFORMATION_FORMAT = dwarf;
				ENABLE_STRICT_OBJC_MSGSEND = YES;
				ENABLE_TESTABILITY = YES;
				GCC_C_LANGUAGE_STANDARD = gnu11;
				GCC_DYNAMIC_NO_PIC = NO;
				GCC_NO_COMMON_BLOCKS = YES;
				GCC_OPTIMIZATION_LEVEL = 0;
				GCC_PREPROCESSOR_DEFINITIONS = (
					"DEBUG=1",
					"$(inherited)",
				);
				GCC_WARN_64_TO_32_BIT_CONVERSION = YES;
				GCC_WARN_ABOUT_RETURN_TYPE = YES_ERROR;
				GCC_WARN_UNDECLARED_SELECTOR = YES;
				GCC_WARN_UNINITIALIZED_AUTOS = YES_AGGRESSIVE;
				GCC_WARN_UNUSED_FUNCTION = YES;
				GCC_WARN_UNUSED_VARIABLE = YES;
				IPHONEOS_DEPLOYMENT_TARGET = 13.5;
				MTL_ENABLE_DEBUG_INFO = INCLUDE_SOURCE;
				MTL_FAST_MATH = YES;
				ONLY_ACTIVE_ARCH = YES;
				SDKROOT = iphoneos;
			};
			name = Debug;
		};
		416CA3B024C002F9004A702A /* Release */ = {
			isa = XCBuildConfiguration;
			buildSettings = {
				ALWAYS_SEARCH_USER_PATHS = NO;
				CLANG_ANALYZER_NONNULL = YES;
				CLANG_ANALYZER_NUMBER_OBJECT_CONVERSION = YES_AGGRESSIVE;
				CLANG_CXX_LANGUAGE_STANDARD = "gnu++14";
				CLANG_CXX_LIBRARY = "libc++";
				CLANG_ENABLE_MODULES = YES;
				CLANG_ENABLE_OBJC_ARC = YES;
				CLANG_ENABLE_OBJC_WEAK = YES;
				CLANG_WARN_BLOCK_CAPTURE_AUTORELEASING = YES;
				CLANG_WARN_BOOL_CONVERSION = YES;
				CLANG_WARN_COMMA = YES;
				CLANG_WARN_CONSTANT_CONVERSION = YES;
				CLANG_WARN_DEPRECATED_OBJC_IMPLEMENTATIONS = YES;
				CLANG_WARN_DIRECT_OBJC_ISA_USAGE = YES_ERROR;
				CLANG_WARN_DOCUMENTATION_COMMENTS = YES;
				CLANG_WARN_EMPTY_BODY = YES;
				CLANG_WARN_ENUM_CONVERSION = YES;
				CLANG_WARN_INFINITE_RECURSION = YES;
				CLANG_WARN_INT_CONVERSION = YES;
				CLANG_WARN_NON_LITERAL_NULL_CONVERSION = YES;
				CLANG_WARN_OBJC_IMPLICIT_RETAIN_SELF = YES;
				CLANG_WARN_OBJC_LITERAL_CONVERSION = YES;
				CLANG_WARN_OBJC_ROOT_CLASS = YES_ERROR;
				CLANG_WARN_RANGE_LOOP_ANALYSIS = YES;
				CLANG_WARN_STRICT_PROTOTYPES = YES;
				CLANG_WARN_SUSPICIOUS_MOVE = YES;
				CLANG_WARN_UNGUARDED_AVAILABILITY = YES_AGGRESSIVE;
				CLANG_WARN_UNREACHABLE_CODE = YES;
				CLANG_WARN__DUPLICATE_METHOD_MATCH = YES;
				COPY_PHASE_STRIP = NO;
				DEBUG_INFORMATION_FORMAT = "dwarf-with-dsym";
				ENABLE_NS_ASSERTIONS = NO;
				ENABLE_STRICT_OBJC_MSGSEND = YES;
				GCC_C_LANGUAGE_STANDARD = gnu11;
				GCC_NO_COMMON_BLOCKS = YES;
				GCC_WARN_64_TO_32_BIT_CONVERSION = YES;
				GCC_WARN_ABOUT_RETURN_TYPE = YES_ERROR;
				GCC_WARN_UNDECLARED_SELECTOR = YES;
				GCC_WARN_UNINITIALIZED_AUTOS = YES_AGGRESSIVE;
				GCC_WARN_UNUSED_FUNCTION = YES;
				GCC_WARN_UNUSED_VARIABLE = YES;
				IPHONEOS_DEPLOYMENT_TARGET = 13.5;
				MTL_ENABLE_DEBUG_INFO = NO;
				MTL_FAST_MATH = YES;
				SDKROOT = iphoneos;
				VALIDATE_PRODUCT = YES;
			};
			name = Release;
		};
		416CA3B224C002F9004A702A /* Debug */ = {
			isa = XCBuildConfiguration;
			buildSettings = {
				ASSETCATALOG_COMPILER_APPICON_NAME = AppIcon;
				CODE_SIGN_STYLE = Automatic;
				DEBUG_INFORMATION_FORMAT = "dwarf-with-dsym";
				DEVELOPMENT_TEAM = 8BF66UA5FJ;
				INFOPLIST_FILE = ImageDemo3/Info.plist;
				IPHONEOS_DEPLOYMENT_TARGET = 8.0;
				LD_RUNPATH_SEARCH_PATHS = (
					"$(inherited)",
					"@executable_path/Frameworks",
				);
				PRODUCT_BUNDLE_IDENTIFIER = com.mademao.ImageDemo3;
				PRODUCT_NAME = "$(TARGET_NAME)";
				TARGETED_DEVICE_FAMILY = "1,2";
			};
			name = Debug;
		};
		416CA3B324C002F9004A702A /* Release */ = {
			isa = XCBuildConfiguration;
			buildSettings = {
				ASSETCATALOG_COMPILER_APPICON_NAME = AppIcon;
				CODE_SIGN_STYLE = Automatic;
				DEVELOPMENT_TEAM = 8BF66UA5FJ;
				INFOPLIST_FILE = ImageDemo3/Info.plist;
				IPHONEOS_DEPLOYMENT_TARGET = 8.0;
				LD_RUNPATH_SEARCH_PATHS = (
					"$(inherited)",
					"@executable_path/Frameworks",
				);
				PRODUCT_BUNDLE_IDENTIFIER = com.mademao.ImageDemo3;
				PRODUCT_NAME = "$(TARGET_NAME)";
				TARGETED_DEVICE_FAMILY = "1,2";
			};
			name = Release;
		};
		41B31ADF24C7113800CEACD8 /* Debug */ = {
			isa = XCBuildConfiguration;
			buildSettings = {
				CODE_SIGN_STYLE = Automatic;
				DEBUG_INFORMATION_FORMAT = "dwarf-with-dsym";
				DEVELOPMENT_TEAM = 8BF66UA5FJ;
				INFOPLIST_FILE = BaseKeyboard/Info.plist;
				IPHONEOS_DEPLOYMENT_TARGET = 11.0;
				LD_RUNPATH_SEARCH_PATHS = (
					"$(inherited)",
					"@executable_path/Frameworks",
					"@executable_path/../../Frameworks",
				);
				PRODUCT_BUNDLE_IDENTIFIER = com.mademao.ImageDemo3.BaseKeyboard;
				PRODUCT_NAME = "$(TARGET_NAME)";
				SKIP_INSTALL = YES;
				TARGETED_DEVICE_FAMILY = "1,2";
			};
			name = Debug;
		};
		41B31AE024C7113800CEACD8 /* Release */ = {
			isa = XCBuildConfiguration;
			buildSettings = {
				CODE_SIGN_STYLE = Automatic;
				DEVELOPMENT_TEAM = 8BF66UA5FJ;
				INFOPLIST_FILE = BaseKeyboard/Info.plist;
				IPHONEOS_DEPLOYMENT_TARGET = 11.0;
				LD_RUNPATH_SEARCH_PATHS = (
					"$(inherited)",
					"@executable_path/Frameworks",
					"@executable_path/../../Frameworks",
				);
				PRODUCT_BUNDLE_IDENTIFIER = com.mademao.ImageDemo3.BaseKeyboard;
				PRODUCT_NAME = "$(TARGET_NAME)";
				SKIP_INSTALL = YES;
				TARGETED_DEVICE_FAMILY = "1,2";
			};
			name = Release;
		};
/* End XCBuildConfiguration section */

/* Begin XCConfigurationList section */
		416CA39324C002F7004A702A /* Build configuration list for PBXProject "ImageDemo3" */ = {
			isa = XCConfigurationList;
			buildConfigurations = (
				416CA3AF24C002F9004A702A /* Debug */,
				416CA3B024C002F9004A702A /* Release */,
			);
			defaultConfigurationIsVisible = 0;
			defaultConfigurationName = Release;
		};
		416CA3B124C002F9004A702A /* Build configuration list for PBXNativeTarget "ImageDemo3" */ = {
			isa = XCConfigurationList;
			buildConfigurations = (
				416CA3B224C002F9004A702A /* Debug */,
				416CA3B324C002F9004A702A /* Release */,
			);
			defaultConfigurationIsVisible = 0;
			defaultConfigurationName = Release;
		};
		41B31ADE24C7113800CEACD8 /* Build configuration list for PBXNativeTarget "BaseKeyboard" */ = {
			isa = XCConfigurationList;
			buildConfigurations = (
				41B31ADF24C7113800CEACD8 /* Debug */,
				41B31AE024C7113800CEACD8 /* Release */,
			);
			defaultConfigurationIsVisible = 0;
			defaultConfigurationName = Release;
		};
/* End XCConfigurationList section */
	};
	rootObject = 416CA39024C002F7004A702A /* Project object */;
}
