// !$*UTF8*$!
{
	archiveVersion = 1;
	classes = {
	};
	objectVersion = 50;
	objects = {

/* Begin PBXBuildFile section */
		415E9C0C24C02888008D2FC3 /* fishhook.c in Sources */ = {isa = PBXBuildFile; fileRef = 415E9C0A24C02888008D2FC3 /* fishhook.c */; };
		415E9C0F24C028DC008D2FC3 /* NSObject+Hook.m in Sources */ = {isa = PBXBuildFile; fileRef = 415E9C0E24C028DC008D2FC3 /* NSObject+Hook.m */; };
		416CA39D24C002F8004A702A /* AppDelegate.m in Sources */ = {isa = PBXBuildFile; fileRef = 416CA39C24C002F8004A702A /* AppDelegate.m */; };
		416CA3A324C002F8004A702A /* ViewController.m in Sources */ = {isa = PBXBuildFile; fileRef = 416CA3A224C002F8004A702A /* ViewController.m */; };
		416CA3A624C002F8004A702A /* Main.storyboard in Resources */ = {isa = PBXBuildFile; fileRef = 416CA3A424C002F8004A702A /* Main.storyboard */; };
		416CA3A824C002F9004A702A /* Assets.xcassets in Resources */ = {isa = PBXBuildFile; fileRef = 416CA3A724C002F9004A702A /* Assets.xcassets */; };
		416CA3AB24C002F9004A702A /* LaunchScreen.storyboard in Resources */ = {isa = PBXBuildFile; fileRef = 416CA3A924C002F9004A702A /* LaunchScreen.storyboard */; };
		416CA3AE24C002F9004A702A /* main.m in Sources */ = {isa = PBXBuildFile; fileRef = 416CA3AD24C002F9004A702A /* main.m */; };
/* End PBXBuildFile section */

/* Begin PBXFileReference section */
		415E9C0A24C02888008D2FC3 /* fishhook.c */ = {isa = PBXFileReference; fileEncoding = 4; lastKnownFileType = sourcecode.c.c; path = fishhook.c; sourceTree = "<group>"; };
		415E9C0B24C02888008D2FC3 /* fishhook.h */ = {isa = PBXFileReference; fileEncoding = 4; lastKnownFileType = sourcecode.c.h; path = fishhook.h; sourceTree = "<group>"; };
		415E9C0D24C028DC008D2FC3 /* NSObject+Hook.h */ = {isa = PBXFileReference; lastKnownFileType = sourcecode.c.h; path = "NSObject+Hook.h"; sourceTree = "<group>"; };
		415E9C0E24C028DC008D2FC3 /* NSObject+Hook.m */ = {isa = PBXFileReference; lastKnownFileType = sourcecode.c.objc; path = "NSObject+Hook.m"; sourceTree = "<group>"; };
		416CA39824C002F8004A702A /* ImageDemo3.app */ = {isa = PBXFileReference; explicitFileType = wrapper.application; includeInIndex = 0; path = ImageDemo3.app; sourceTree = BUILT_PRODUCTS_DIR; };
		416CA39B24C002F8004A702A /* AppDelegate.h */ = {isa = PBXFileReference; lastKnownFileType = sourcecode.c.h; path = AppDelegate.h; sourceTree = "<group>"; };
		416CA39C24C002F8004A702A /* AppDelegate.m */ = {isa = PBXFileReference; lastKnownFileType = sourcecode.c.objc; path = AppDelegate.m; sourceTree = "<group>"; };
		416CA3A124C002F8004A702A /* ViewController.h */ = {isa = PBXFileReference; lastKnownFileType = sourcecode.c.h; path = ViewController.h; sourceTree = "<group>"; };
		416CA3A224C002F8004A702A /* ViewController.m */ = {isa = PBXFileReference; lastKnownFileType = sourcecode.c.objc; path = ViewController.m; sourceTree = "<group>"; };
		416CA3A524C002F8004A702A /* Base */ = {isa = PBXFileReference; lastKnownFileType = file.storyboard; name = Base; path = Base.lproj/Main.storyboard; sourceTree = "<group>"; };
		416CA3A724C002F9004A702A /* Assets.xcassets */ = {isa = PBXFileReference; lastKnownFileType = folder.assetcatalog; path = Assets.xcassets; sourceTree = "<group>"; };
		416CA3AA24C002F9004A702A /* Base */ = {isa = PBXFileReference; lastKnownFileType = file.storyboard; name = Base; path = Base.lproj/LaunchScreen.storyboard; sourceTree = "<group>"; };
		416CA3AC24C002F9004A702A /* Info.plist */ = {isa = PBXFileReference; lastKnownFileType = text.plist.xml; path = Info.plist; sourceTree = "<group>"; };
		416CA3AD24C002F9004A702A /* main.m */ = {isa = PBXFileReference; lastKnownFileType = sourcecode.c.objc; path = main.m; sourceTree = "<group>"; };
/* End PBXFileReference section */

/* Begin PBXFrameworksBuildPhase section */
		416CA39524C002F8004A702A /* Frameworks */ = {
			isa = PBXFrameworksBuildPhase;
			buildActionMask = 2147483647;
			files = (
			);
			runOnlyForDeploymentPostprocessing = 0;
		};
/* End PBXFrameworksBuildPhase section */

/* Begin PBXGroup section */
		415E9C0924C02888008D2FC3 /* fishhook */ = {
			isa = PBXGroup;
			children = (
				415E9C0A24C02888008D2FC3 /* fishhook.c */,
				415E9C0B24C02888008D2FC3 /* fishhook.h */,
			);
			path = fishhook;
			sourceTree = "<group>";
		};
		416CA38F24C002F7004A702A = {
			isa = PBXGroup;
			children = (
				416CA39A24C002F8004A702A /* ImageDemo3 */,
				416CA39924C002F8004A702A /* Products */,
			);
			sourceTree = "<group>";
		};
		416CA39924C002F8004A702A /* Products */ = {
			isa = PBXGroup;
			children = (
				416CA39824C002F8004A702A /* ImageDemo3.app */,
			);
			name = Products;
			sourceTree = "<group>";
		};
		416CA39A24C002F8004A702A /* ImageDemo3 */ = {
			isa = PBXGroup;
			children = (
				415E9C0924C02888008D2FC3 /* fishhook */,
				416CA39B24C002F8004A702A /* AppDelegate.h */,
				416CA39C24C002F8004A702A /* AppDelegate.m */,
				416CA3A124C002F8004A702A /* ViewController.h */,
				416CA3A224C002F8004A702A /* ViewController.m */,
				415E9C0D24C028DC008D2FC3 /* NSObject+Hook.h */,
				415E9C0E24C028DC008D2FC3 /* NSObject+Hook.m */,
				416CA3A424C002F8004A702A /* Main.storyboard */,
				416CA3A724C002F9004A702A /* Assets.xcassets */,
				416CA3A924C002F9004A702A /* LaunchScreen.storyboard */,
				416CA3AC24C002F9004A702A /* Info.plist */,
				416CA3AD24C002F9004A702A /* main.m */,
			);
			path = ImageDemo3;
			sourceTree = "<group>";
		};
/* End PBXGroup section */

/* Begin PBXNativeTarget section */
		416CA39724C002F8004A702A /* ImageDemo3 */ = {
			isa = PBXNativeTarget;
			buildConfigurationList = 416CA3B124C002F9004A702A /* Build configuration list for PBXNativeTarget "ImageDemo3" */;
			buildPhases = (
				416CA39424C002F8004A702A /* Sources */,
				416CA39524C002F8004A702A /* Frameworks */,
				416CA39624C002F8004A702A /* Resources */,
			);
			buildRules = (
			);
			dependencies = (
			);
			name = ImageDemo3;
			productName = ImageDemo3;
			productReference = 416CA39824C002F8004A702A /* ImageDemo3.app */;
			productType = "com.apple.product-type.application";
		};
/* End PBXNativeTarget section */

/* Begin PBXProject section */
		416CA39024C002F7004A702A /* Project object */ = {
			isa = PBXProject;
			attributes = {
				LastUpgradeCheck = 1150;
				ORGANIZATIONNAME = mademao;
				TargetAttributes = {
					416CA39724C002F8004A702A = {
						CreatedOnToolsVersion = 11.5;
					};
				};
			};
			buildConfigurationList = 416CA39324C002F7004A702A /* Build configuration list for PBXProject "ImageDemo3" */;
			compatibilityVersion = "Xcode 9.3";
			developmentRegion = en;
			hasScannedForEncodings = 0;
			knownRegions = (
				en,
				Base,
			);
			mainGroup = 416CA38F24C002F7004A702A;
			productRefGroup = 416CA39924C002F8004A702A /* Products */;
			projectDirPath = "";
			projectRoot = "";
			targets = (
				416CA39724C002F8004A702A /* ImageDemo3 */,
			);
		};
/* End PBXProject section */

/* Begin PBXResourcesBuildPhase section */
		416CA39624C002F8004A702A /* Resources */ = {
			isa = PBXResourcesBuildPhase;
			buildActionMask = 2147483647;
			files = (
				416CA3AB24C002F9004A702A /* LaunchScreen.storyboard in Resources */,
				416CA3A824C002F9004A702A /* Assets.xcassets in Resources */,
				416CA3A624C002F8004A702A /* Main.storyboard in Resources */,
			);
			runOnlyForDeploymentPostprocessing = 0;
		};
/* End PBXResourcesBuildPhase section */

/* Begin PBXSourcesBuildPhase section */
		416CA39424C002F8004A702A /* Sources */ = {
			isa = PBXSourcesBuildPhase;
			buildActionMask = 2147483647;
			files = (
				416CA3A324C002F8004A702A /* ViewController.m in Sources */,
				416CA39D24C002F8004A702A /* AppDelegate.m in Sources */,
				415E9C0F24C028DC008D2FC3 /* NSObject+Hook.m in Sources */,
				415E9C0C24C02888008D2FC3 /* fishhook.c in Sources */,
				416CA3AE24C002F9004A702A /* main.m in Sources */,
			);
			runOnlyForDeploymentPostprocessing = 0;
		};
/* End PBXSourcesBuildPhase section */

/* Begin PBXVariantGroup section */
		416CA3A424C002F8004A702A /* Main.storyboard */ = {
			isa = PBXVariantGroup;
			children = (
				416CA3A524C002F8004A702A /* Base */,
			);
			name = Main.storyboard;
			sourceTree = "<group>";
		};
		416CA3A924C002F9004A702A /* LaunchScreen.storyboard */ = {
			isa = PBXVariantGroup;
			children = (
				416CA3AA24C002F9004A702A /* Base */,
			);
			name = LaunchScreen.storyboard;
			sourceTree = "<group>";
		};
/* End PBXVariantGroup section */

/* Begin XCBuildConfiguration section */
		416CA3AF24C002F9004A702A /* Debug */ = {
			isa = XCBuildConfiguration;
			buildSettings = {
				ALWAYS_SEARCH_USER_PATHS = NO;
				CLANG_ANALYZER_NONNULL = YES;
				CLANG_ANALYZER_NUMBER_OBJECT_CONVERSION = YES_AGGRESSIVE;
				CLANG_CXX_LANGUAGE_STANDARD = "gnu++14";
				CLANG_CXX_LIBRARY = "libc++";
				CLANG_ENABLE_MODULES = YES;
				CLANG_ENABLE_OBJC_ARC = YES;
				CLANG_ENABLE_OBJC_WEAK = YES;
				CLANG_WARN_BLOCK_CAPTURE_AUTORELEASING = YES;
				CLANG_WARN_BOOL_CONVERSION = YES;
				CLANG_WARN_COMMA = YES;
				CLANG_WARN_CONSTANT_CONVERSION = YES;
				CLANG_WARN_DEPRECATED_OBJC_IMPLEMENTATIONS = YES;
				CLANG_WARN_DIRECT_OBJC_ISA_USAGE = YES_ERROR;
				CLANG_WARN_DOCUMENTATION_COMMENTS = YES;
				CLANG_WARN_EMPTY_BODY = YES;
				CLANG_WARN_ENUM_CONVERSION = YES;
				CLANG_WARN_INFINITE_RECURSION = YES;
				CLANG_WARN_INT_CONVERSION = YES;
				CLANG_WARN_NON_LITERAL_NULL_CONVERSION = YES;
				CLANG_WARN_OBJC_IMPLICIT_RETAIN_SELF = YES;
				CLANG_WARN_OBJC_LITERAL_CONVERSION = YES;
				CLANG_WARN_OBJC_ROOT_CLASS = YES_ERROR;
				CLANG_WARN_RANGE_LOOP_ANALYSIS = YES;
				CLANG_WARN_STRICT_PROTOTYPES = YES;
				CLANG_WARN_SUSPICIOUS_MOVE = YES;
				CLANG_WARN_UNGUARDED_AVAILABILITY = YES_AGGRESSIVE;
				CLANG_WARN_UNREACHABLE_CODE = YES;
				CLANG_WARN__DUPLICATE_METHOD_MATCH = YES;
				COPY_PHASE_STRIP = NO;
				DEBUG_INFORMATION_FORMAT = dwarf;
				ENABLE_STRICT_OBJC_MSGSEND = YES;
				ENABLE_TESTABILITY = YES;
				GCC_C_LANGUAGE_STANDARD = gnu11;
				GCC_DYNAMIC_NO_PIC = NO;
				GCC_NO_COMMON_BLOCKS = YES;
				GCC_OPTIMIZATION_LEVEL = 0;
				GCC_PREPROCESSOR_DEFINITIONS = (
					"DEBUG=1",
					"$(inherited)",
				);
				GCC_WARN_64_TO_32_BIT_CONVERSION = YES;
				GCC_WARN_ABOUT_RETURN_TYPE = YES_ERROR;
				GCC_WARN_UNDECLARED_SELECTOR = YES;
				GCC_WARN_UNINITIALIZED_AUTOS = YES_AGGRESSIVE;
				GCC_WARN_UNUSED_FUNCTION = YES;
				GCC_WARN_UNUSED_VARIABLE = YES;
				IPHONEOS_DEPLOYMENT_TARGET = 13.5;
				MTL_ENABLE_DEBUG_INFO = INCLUDE_SOURCE;
				MTL_FAST_MATH = YES;
				ONLY_ACTIVE_ARCH = YES;
				SDKROOT = iphoneos;
			};
			name = Debug;
		};
		416CA3B024C002F9004A702A /* Release */ = {
			isa = XCBuildConfiguration;
			buildSettings = {
				ALWAYS_SEARCH_USER_PATHS = NO;
				CLANG_ANALYZER_NONNULL = YES;
				CLANG_ANALYZER_NUMBER_OBJECT_CONVERSION = YES_AGGRESSIVE;
				CLANG_CXX_LANGUAGE_STANDARD = "gnu++14";
				CLANG_CXX_LIBRARY = "libc++";
				CLANG_ENABLE_MODULES = YES;
				CLANG_ENABLE_OBJC_ARC = YES;
				CLANG_ENABLE_OBJC_WEAK = YES;
				CLANG_WARN_BLOCK_CAPTURE_AUTORELEASING = YES;
				CLANG_WARN_BOOL_CONVERSION = YES;
				CLANG_WARN_COMMA = YES;
				CLANG_WARN_CONSTANT_CONVERSION = YES;
				CLANG_WARN_DEPRECATED_OBJC_IMPLEMENTATIONS = YES;
				CLANG_WARN_DIRECT_OBJC_ISA_USAGE = YES_ERROR;
				CLANG_WARN_DOCUMENTATION_COMMENTS = YES;
				CLANG_WARN_EMPTY_BODY = YES;
				CLANG_WARN_ENUM_CONVERSION = YES;
				CLANG_WARN_INFINITE_RECURSION = YES;
				CLANG_WARN_INT_CONVERSION = YES;
				CLANG_WARN_NON_LITERAL_NULL_CONVERSION = YES;
				CLANG_WARN_OBJC_IMPLICIT_RETAIN_SELF = YES;
				CLANG_WARN_OBJC_LITERAL_CONVERSION = YES;
				CLANG_WARN_OBJC_ROOT_CLASS = YES_ERROR;
				CLANG_WARN_RANGE_LOOP_ANALYSIS = YES;
				CLANG_WARN_STRICT_PROTOTYPES = YES;
				CLANG_WARN_SUSPICIOUS_MOVE = YES;
				CLANG_WARN_UNGUARDED_AVAILABILITY = YES_AGGRESSIVE;
				CLANG_WARN_UNREACHABLE_CODE = YES;
				CLANG_WARN__DUPLICATE_METHOD_MATCH = YES;
				COPY_PHASE_STRIP = NO;
				DEBUG_INFORMATION_FORMAT = "dwarf-with-dsym";
				ENABLE_NS_ASSERTIONS = NO;
				ENABLE_STRICT_OBJC_MSGSEND = YES;
				GCC_C_LANGUAGE_STANDARD = gnu11;
				GCC_NO_COMMON_BLOCKS = YES;
				GCC_WARN_64_TO_32_BIT_CONVERSION = YES;
				GCC_WARN_ABOUT_RETURN_TYPE = YES_ERROR;
				GCC_WARN_UNDECLARED_SELECTOR = YES;
				GCC_WARN_UNINITIALIZED_AUTOS = YES_AGGRESSIVE;
				GCC_WARN_UNUSED_FUNCTION = YES;
				GCC_WARN_UNUSED_VARIABLE = YES;
				IPHONEOS_DEPLOYMENT_TARGET = 13.5;
				MTL_ENABLE_DEBUG_INFO = NO;
				MTL_FAST_MATH = YES;
				SDKROOT = iphoneos;
				VALIDATE_PRODUCT = YES;
			};
			name = Release;
		};
		416CA3B224C002F9004A702A /* Debug */ = {
			isa = XCBuildConfiguration;
			buildSettings = {
				ASSETCATALOG_COMPILER_APPICON_NAME = AppIcon;
				CODE_SIGN_STYLE = Automatic;
				DEVELOPMENT_TEAM = 8BF66UA5FJ;
				INFOPLIST_FILE = ImageDemo3/Info.plist;
				LD_RUNPATH_SEARCH_PATHS = (
					"$(inherited)",
					"@executable_path/Frameworks",
				);
				PRODUCT_BUNDLE_IDENTIFIER = com.mademao.ImageDemo3;
				PRODUCT_NAME = "$(TARGET_NAME)";
				TARGETED_DEVICE_FAMILY = "1,2";
			};
			name = Debug;
		};
		416CA3B324C002F9004A702A /* Release */ = {
			isa = XCBuildConfiguration;
			buildSettings = {
				ASSETCATALOG_COMPILER_APPICON_NAME = AppIcon;
				CODE_SIGN_STYLE = Automatic;
				DEVELOPMENT_TEAM = 8BF66UA5FJ;
				INFOPLIST_FILE = ImageDemo3/Info.plist;
				LD_RUNPATH_SEARCH_PATHS = (
					"$(inherited)",
					"@executable_path/Frameworks",
				);
				PRODUCT_BUNDLE_IDENTIFIER = com.mademao.ImageDemo3;
				PRODUCT_NAME = "$(TARGET_NAME)";
				TARGETED_DEVICE_FAMILY = "1,2";
			};
			name = Release;
		};
/* End XCBuildConfiguration section */

/* Begin XCConfigurationList section */
		416CA39324C002F7004A702A /* Build configuration list for PBXProject "ImageDemo3" */ = {
			isa = XCConfigurationList;
			buildConfigurations = (
				416CA3AF24C002F9004A702A /* Debug */,
				416CA3B024C002F9004A702A /* Release */,
			);
			defaultConfigurationIsVisible = 0;
			defaultConfigurationName = Release;
		};
		416CA3B124C002F9004A702A /* Build configuration list for PBXNativeTarget "ImageDemo3" */ = {
			isa = XCConfigurationList;
			buildConfigurations = (
				416CA3B224C002F9004A702A /* Debug */,
				416CA3B324C002F9004A702A /* Release */,
			);
			defaultConfigurationIsVisible = 0;
			defaultConfigurationName = Release;
		};
/* End XCConfigurationList section */
	};
	rootObject = 416CA39024C002F7004A702A /* Project object */;
}
